dependencies:
- name: mariadb
  repository: https://marketplace.azurecr.io/helm/v1/repo
  version: 10.4.0
- name: common
  repository: https://marketplace.azurecr.io/helm/v1/repo
  version: 1.12.0
digest: sha256:10a186fdf3e9750e60964eadd1be17c17194a91c60c9146e839887aec274c663
generated: "2022-03-17T13:01:30.478245865Z"
