dependencies:
- name: opentelemetry-demo
  repository: https://open-telemetry.github.io/opentelemetry-helm-charts
  version: 0.12.2
- name: redis-operator
  repository: https://ot-container-kit.github.io/helm-charts
  version: 0.11.2
digest: sha256:72e2398574a8c28266b9f18b2e54fcc984784227b0fd3b66661ddeae1527ad24
generated: "2023-02-24T05:20:24.569094243Z"
