dependencies:
- name: clickhouse
  repository: ""
  version: '*.*.*'
- name: mysql
  repository: ""
  version: '*.*.*'
- name: deepflow-agent
  repository: ""
  version: '*.*.*'
- name: grafana
  repository: https://grafana.github.io/helm-charts
  version: 7.3.7
digest: sha256:974c9a2f1671c4c4ef9d129a0c8cf94c126cf3c908f15163790f7d68b47fcb4d
generated: "2024-03-19T06:53:48.946957088Z"
