dependencies:
- name: clickhouse
  repository: ""
  version: '*.*.*'
- name: mysql
  repository: ""
  version: '*.*.*'
- name: deepflow-agent
  repository: ""
  version: '*.*.*'
- name: grafana
  repository: https://grafana.github.io/helm-charts
  version: 7.3.7
- name: stella-agent-ce
  repository: ""
  version: '*.*.*'
digest: sha256:9bb13b6182a302282e2fc0d5f0aa1ec108ea4b5d5c9b39ecc8cc3e0486555dac
generated: "2024-04-10T10:46:31.536393251Z"
