dependencies:
- name: clickhouse
  repository: ""
  version: '*.*.*'
- name: mysql
  repository: ""
  version: '*.*.*'
- name: deepflow-agent
  repository: ""
  version: '*.*.*'
- name: grafana
  repository: https://grafana.github.io/helm-charts
  version: 7.2.3
digest: sha256:01a03579d2f5a1afa9291c33c88a5df74aa16a0ab09416e2cc974595086e6fcf
generated: "2024-01-19T08:18:00.97046455Z"
