dependencies:
- name: gitlab
  repository: ""
  version: '*.*.*'
- name: certmanager-issuer
  repository: ""
  version: '*.*.*'
- name: minio
  repository: ""
  version: '*.*.*'
- name: registry
  repository: ""
  version: '*.*.*'
- name: cert-manager
  repository: https://charts.jetstack.io/
  version: v1.12.17
- name: prometheus
  repository: https://prometheus-community.github.io/helm-charts
  version: 27.20.0
- name: postgresql
  repository: https://charts.bitnami.com/bitnami
  version: 13.4.4
- name: gitlab-runner
  repository: https://charts.gitlab.io/
  version: 0.78.0
- name: redis
  repository: https://charts.bitnami.com/bitnami
  version: 18.19.4
- name: nginx-ingress
  repository: ""
  version: '*.*.*'
- name: nginx-ingress
  repository: ""
  version: '*.*.*'
- name: gitlab-zoekt
  repository: https://charts.gitlab.io/
  version: 2.6.0
- name: traefik
  repository: https://helm.traefik.io/traefik
  version: 10.19.4
- name: kubernetes-ingress
  repository: https://haproxytech.github.io/helm-charts
  version: 1.32.0
digest: sha256:35a0b72506109277890b2aa4bdba1c10c38e165c57b72c996b9d6ebe74baa489
generated: "2025-06-19T21:19:14.987703387Z"
