dependencies:
- name: falcosidekick
  repository: https://falcosecurity.github.io/charts
  version: 0.9.11
- name: k8s-metacollector
  repository: https://falcosecurity.github.io/charts
  version: 0.1.10
- name: falco-talon
  repository: https://falcosecurity.github.io/charts
  version: 0.2.2
digest: sha256:553e4e8ae4e0c1aaf2113660091429d85faf0fc315a5f29c016f03624f890593
generated: "2025-06-05T14:07:51.249345901Z"
