dependencies:
- name: falcosidekick
  repository: https://falcosecurity.github.io/charts
  version: 0.8.8
- name: k8s-metacollector
  repository: https://falcosecurity.github.io/charts
  version: 0.1.10
digest: sha256:cdeca3d26e844fa32026047a57c63223289391dcd0d7ba5ec0663a591278df62
generated: "2024-10-08T13:29:30.550953304Z"
