dependencies:
- name: falcosidekick
  repository: https://falcosecurity.github.io/charts
  version: 0.14.0
- name: k8s-metacollector
  repository: https://falcosecurity.github.io/charts
  version: 0.3.2
- name: falco-talon
  repository: https://falcosecurity.github.io/charts
  version: 0.4.2
digest: sha256:1bc427fe4545e293d8188504f098f0e1050223a702c08aecc0ad2db10780b493
generated: "2026-09-21T13:54:48.749767682Z"
