dependencies:
- name: meta-plugins
  repository: https://spidernet-io.github.io/cni-plugins
  version: 0.2.1
- name: multus
  repository: file://charts/multus
  version: v3.9
- name: sriov
  repository: file://charts/sriov
  version: 0.1.2
digest: sha256:7850fbd4e3d6f53229a225f29a51fb9105dc877218621c12fd4e2ba310381a90
generated: "2022-12-28T03:31:35.658999+08:00"
