dependencies:
- name: dynamo-operator
  repository: file://components/operator
  version: 1.3.0
- name: nats
  repository: https://nats-io.github.io/k8s/helm/charts/
  version: 1.3.2
- name: etcd
  repository: https://charts.bitnami.com/bitnami
  version: 12.0.18
- name: kai-scheduler
  repository: oci://ghcr.io/kai-scheduler/kai-scheduler
  version: v0.13.4
- name: grove-charts
  repository: oci://ghcr.io/ai-dynamo/grove
  version: v0.1.0-alpha.11
digest: sha256:74288bd390360ed01c4bf3affac3fd6d480e810260fc7a0a6df76e626a44525b
generated: "2026-07-21T19:35:35.459232579-07:00"
