dependencies:
- name: dynamo-operator
  repository: file://components/operator
  version: 1.5.1
- name: nats
  repository: https://nats-io.github.io/k8s/helm/charts/
  version: 1.3.2
- name: etcd
  repository: https://charts.bitnami.com/bitnami
  version: 12.0.18
- name: kai-scheduler
  repository: oci://ghcr.io/kai-scheduler/kai-scheduler
  version: v0.17.0
- name: grove-charts
  repository: oci://ghcr.io/ai-dynamo/grove
  version: v0.1.0-alpha.13
- name: snapshot
  repository: oci://ghcr.io/ai-dynamo/snapshot
  version: 0.1.0
digest: sha256:75adffac05c7c75baae9e98217712ec80f3205d152231dfbf9a3e69de752215d
generated: "2026-10-01T17:23:48.455539682-07:00"
