dependencies:
- name: dynamo-operator
  repository: file://components/operator
  version: 1.3.1
- name: nats
  repository: https://nats-io.github.io/k8s/helm/charts/
  version: 1.3.2
- name: etcd
  repository: https://charts.bitnami.com/bitnami
  version: 12.0.18
- name: kai-scheduler
  repository: oci://ghcr.io/kai-scheduler/kai-scheduler
  version: v0.13.4
- name: grove-charts
  repository: oci://ghcr.io/ai-dynamo/grove
  version: v0.1.0-alpha.11
digest: sha256:2be7061b0855bfd50eac7f55b0b23466bef89e9f06250ae241c696a43cd583a9
generated: "2026-08-05T10:36:11.774281693-07:00"
