dependencies:
- name: meta-plugins
  repository: https://spidernet-io.github.io/cni-plugins
  version: 0.1.9
- name: multus
  repository: file://charts/multus
  version: v3.9
- name: sriov
  repository: file://charts/sriov
  version: 0.1.2
digest: sha256:5786cc5cb0439b06cf51571f988fb681493905d530cda311c1776aef6a099ba9
generated: "2022-11-27T13:26:18.428979+08:00"
