dependencies:
- name: elasticsearch
  repository: https://helm.elastic.co
  version: 7.17.3
- name: postgresql
  repository: https://charts.bitnami.com/bitnami
  version: 12.5.6
- name: redis
  repository: https://charts.bitnami.com/bitnami
  version: 16.13.2
- name: minio
  repository: https://charts.bitnami.com/bitnami
  version: 14.1.4
digest: sha256:15688969e3de1791def0f50e14290f7b633129cb342391b9fc485c1edddd4eb1
generated: "2024-04-02T14:49:13.437011734+08:00"
